// !$*UTF8*$!
{
	archiveVersion = 1;
	classes = {
	};
	objectVersion = 48;
	objects = {

/* Begin PBXBuildFile section */
		529F78222014DC4400322209 /* CategoryViewController.swift in Sources */ = {isa = PBXBuildFile; fileRef = 529F78212014DC4400322209 /* CategoryViewController.swift */; };
		52FE95E320137573007FF87F /* AppDelegate.swift in Sources */ = {isa = PBXBuildFile; fileRef = 52FE95E220137573007FF87F /* AppDelegate.swift */; };
		52FE95E520137573007FF87F /* TodoListViewController.swift in Sources */ = {isa = PBXBuildFile; fileRef = 52FE95E420137573007FF87F /* TodoListViewController.swift */; };
		52FE95E820137573007FF87F /* Main.storyboard in Resources */ = {isa = PBXBuildFile; fileRef = 52FE95E620137573007FF87F /* Main.storyboard */; };
		52FE95EA20137573007FF87F /* Assets.xcassets in Resources */ = {isa = PBXBuildFile; fileRef = 52FE95E920137573007FF87F /* Assets.xcassets */; };
		52FE95ED20137573007FF87F /* LaunchScreen.storyboard in Resources */ = {isa = PBXBuildFile; fileRef = 52FE95EB20137573007FF87F /* LaunchScreen.storyboard */; };
		52FE95FC2013BFF3007FF87F /* DataModel.xcdatamodeld in Sources */ = {isa = PBXBuildFile; fileRef = 52FE95FA2013BFF3007FF87F /* DataModel.xcdatamodeld */; };
/* End PBXBuildFile section */

/* Begin PBXFileReference section */
		529F78212014DC4400322209 /* CategoryViewController.swift */ = {isa = PBXFileReference; lastKnownFileType = sourcecode.swift; path = CategoryViewController.swift; sourceTree = "<group>"; };
		52FE95DF20137573007FF87F /* Todoey.app */ = {isa = PBXFileReference; explicitFileType = wrapper.application; includeInIndex = 0; path = Todoey.app; sourceTree = BUILT_PRODUCTS_DIR; };
		52FE95E220137573007FF87F /* AppDelegate.swift */ = {isa = PBXFileReference; lastKnownFileType = sourcecode.swift; path = AppDelegate.swift; sourceTree = "<group>"; };
		52FE95E420137573007FF87F /* TodoListViewController.swift */ = {isa = PBXFileReference; lastKnownFileType = sourcecode.swift; path = TodoListViewController.swift; sourceTree = "<group>"; };
		52FE95E720137573007FF87F /* Base */ = {isa = PBXFileReference; lastKnownFileType = file.storyboard; name = Base; path = Base.lproj/Main.storyboard; sourceTree = "<group>"; };
		52FE95E920137573007FF87F /* Assets.xcassets */ = {isa = PBXFileReference; lastKnownFileType = folder.assetcatalog; path = Assets.xcassets; sourceTree = "<group>"; };
		52FE95EC20137573007FF87F /* Base */ = {isa = PBXFileReference; lastKnownFileType = file.storyboard; name = Base; path = Base.lproj/LaunchScreen.storyboard; sourceTree = "<group>"; };
		52FE95EE20137573007FF87F /* Info.plist */ = {isa = PBXFileReference; lastKnownFileType = text.plist.xml; path = Info.plist; sourceTree = "<group>"; };
		52FE95FB2013BFF3007FF87F /* DataModel.xcdatamodel */ = {isa = PBXFileReference; lastKnownFileType = wrapper.xcdatamodel; path = DataModel.xcdatamodel; sourceTree = "<group>"; };
/* End PBXFileReference section */

/* Begin PBXFrameworksBuildPhase section */
		52FE95DC20137573007FF87F /* Frameworks */ = {
			isa = PBXFrameworksBuildPhase;
			buildActionMask = 2147483647;
			files = (
			);
			runOnlyForDeploymentPostprocessing = 0;
		};
/* End PBXFrameworksBuildPhase section */

/* Begin PBXGroup section */
		52FE95D620137573007FF87F = {
			isa = PBXGroup;
			children = (
				52FE95E120137573007FF87F /* Todoey */,
				52FE95E020137573007FF87F /* Products */,
			);
			sourceTree = "<group>";
		};
		52FE95E020137573007FF87F /* Products */ = {
			isa = PBXGroup;
			children = (
				52FE95DF20137573007FF87F /* Todoey.app */,
			);
			name = Products;
			sourceTree = "<group>";
		};
		52FE95E120137573007FF87F /* Todoey */ = {
			isa = PBXGroup;
			children = (
				52FE95E220137573007FF87F /* AppDelegate.swift */,
				52FE95F62013984D007FF87F /* Data Model */,
				52FE95F72013987E007FF87F /* Controllers */,
				52FE95F820139890007FF87F /* Views */,
				52FE95F9201398A3007FF87F /* Supporting Files */,
				52FE95EE20137573007FF87F /* Info.plist */,
			);
			path = Todoey;
			sourceTree = "<group>";
		};
		52FE95F62013984D007FF87F /* Data Model */ = {
			isa = PBXGroup;
			children = (
				52FE95FA2013BFF3007FF87F /* DataModel.xcdatamodeld */,
			);
			path = "Data Model";
			sourceTree = "<group>";
		};
		52FE95F72013987E007FF87F /* Controllers */ = {
			isa = PBXGroup;
			children = (
				529F78212014DC4400322209 /* CategoryViewController.swift */,
				52FE95E420137573007FF87F /* TodoListViewController.swift */,
			);
			path = Controllers;
			sourceTree = "<group>";
		};
		52FE95F820139890007FF87F /* Views */ = {
			isa = PBXGroup;
			children = (
				52FE95E620137573007FF87F /* Main.storyboard */,
			);
			path = Views;
			sourceTree = "<group>";
		};
		52FE95F9201398A3007FF87F /* Supporting Files */ = {
			isa = PBXGroup;
			children = (
				52FE95E920137573007FF87F /* Assets.xcassets */,
				52FE95EB20137573007FF87F /* LaunchScreen.storyboard */,
			);
			path = "Supporting Files";
			sourceTree = "<group>";
		};
/* End PBXGroup section */

/* Begin PBXNativeTarget section */
		52FE95DE20137573007FF87F /* Todoey */ = {
			isa = PBXNativeTarget;
			buildConfigurationList = 52FE95F120137573007FF87F /* Build configuration list for PBXNativeTarget "Todoey" */;
			buildPhases = (
				52FE95DB20137573007FF87F /* Sources */,
				52FE95DC20137573007FF87F /* Frameworks */,
				52FE95DD20137573007FF87F /* Resources */,
			);
			buildRules = (
			);
			dependencies = (
			);
			name = Todoey;
			productName = Todoey;
			productReference = 52FE95DF20137573007FF87F /* Todoey.app */;
			productType = "com.apple.product-type.application";
		};
/* End PBXNativeTarget section */

/* Begin PBXProject section */
		52FE95D720137573007FF87F /* Project object */ = {
			isa = PBXProject;
			attributes = {
				LastSwiftUpdateCheck = 0920;
				LastUpgradeCheck = 0920;
				ORGANIZATIONNAME = "John Dix";
				TargetAttributes = {
					52FE95DE20137573007FF87F = {
						CreatedOnToolsVersion = 9.2;
						ProvisioningStyle = Automatic;
					};
				};
			};
			buildConfigurationList = 52FE95DA20137573007FF87F /* Build configuration list for PBXProject "Todoey" */;
			compatibilityVersion = "Xcode 8.0";
			developmentRegion = en;
			hasScannedForEncodings = 0;
			knownRegions = (
				en,
				Base,
			);
			mainGroup = 52FE95D620137573007FF87F;
			productRefGroup = 52FE95E020137573007FF87F /* Products */;
			projectDirPath = "";
			projectRoot = "";
			targets = (
				52FE95DE20137573007FF87F /* Todoey */,
			);
		};
/* End PBXProject section */

/* Begin PBXResourcesBuildPhase section */
		52FE95DD20137573007FF87F /* Resources */ = {
			isa = PBXResourcesBuildPhase;
			buildActionMask = 2147483647;
			files = (
				52FE95ED20137573007FF87F /* LaunchScreen.storyboard in Resources */,
				52FE95EA20137573007FF87F /* Assets.xcassets in Resources */,
				52FE95E820137573007FF87F /* Main.storyboard in Resources */,
			);
			runOnlyForDeploymentPostprocessing = 0;
		};
/* End PBXResourcesBuildPhase section */

/* Begin PBXSourcesBuildPhase section */
		52FE95DB20137573007FF87F /* Sources */ = {
			isa = PBXSourcesBuildPhase;
			buildActionMask = 2147483647;
			files = (
				52FE95E520137573007FF87F /* TodoListViewController.swift in Sources */,
				52FE95FC2013BFF3007FF87F /* DataModel.xcdatamodeld in Sources */,
				52FE95E320137573007FF87F /* AppDelegate.swift in Sources */,
				529F78222014DC4400322209 /* CategoryViewController.swift in Sources */,
			);
			runOnlyForDeploymentPostprocessing = 0;
		};
/* End PBXSourcesBuildPhase section */

/* Begin PBXVariantGroup section */
		52FE95E620137573007FF87F /* Main.storyboard */ = {
			isa = PBXVariantGroup;
			children = (
				52FE95E720137573007FF87F /* Base */,
			);
			name = Main.storyboard;
			sourceTree = "<group>";
		};
		52FE95EB20137573007FF87F /* LaunchScreen.storyboard */ = {
			isa = PBXVariantGroup;
			children = (
				52FE95EC20137573007FF87F /* Base */,
			);
			name = LaunchScreen.storyboard;
			sourceTree = "<group>";
		};
/* End PBXVariantGroup section */

/* Begin XCBuildConfiguration section */
		52FE95EF20137573007FF87F /* Debug */ = {
			isa = XCBuildConfiguration;
			buildSettings = {
				ALWAYS_SEARCH_USER_PATHS = NO;
				CLANG_ANALYZER_NONNULL = YES;
				CLANG_ANALYZER_NUMBER_OBJECT_CONVERSION = YES_AGGRESSIVE;
				CLANG_CXX_LANGUAGE_STANDARD = "gnu++14";
				CLANG_CXX_LIBRARY = "libc++";
				CLANG_ENABLE_MODULES = YES;
				CLANG_ENABLE_OBJC_ARC = YES;
				CLANG_WARN_BLOCK_CAPTURE_AUTORELEASING = YES;
				CLANG_WARN_BOOL_CONVERSION = YES;
				CLANG_WARN_COMMA = YES;
				CLANG_WARN_CONSTANT_CONVERSION = YES;
				CLANG_WARN_DIRECT_OBJC_ISA_USAGE = YES_ERROR;
				CLANG_WARN_DOCUMENTATION_COMMENTS = YES;
				CLANG_WARN_EMPTY_BODY = YES;
				CLANG_WARN_ENUM_CONVERSION = YES;
				CLANG_WARN_INFINITE_RECURSION = YES;
				CLANG_WARN_INT_CONVERSION = YES;
				CLANG_WARN_NON_LITERAL_NULL_CONVERSION = YES;
				CLANG_WARN_OBJC_LITERAL_CONVERSION = YES;
				CLANG_WARN_OBJC_ROOT_CLASS = YES_ERROR;
				CLANG_WARN_RANGE_LOOP_ANALYSIS = YES;
				CLANG_WARN_STRICT_PROTOTYPES = YES;
				CLANG_WARN_SUSPICIOUS_MOVE = YES;
				CLANG_WARN_UNGUARDED_AVAILABILITY = YES_AGGRESSIVE;
				CLANG_WARN_UNREACHABLE_CODE = YES;
				CLANG_WARN__DUPLICATE_METHOD_MATCH = YES;
				CODE_SIGN_IDENTITY = "iPhone Developer";
				COPY_PHASE_STRIP = NO;
				DEBUG_INFORMATION_FORMAT = dwarf;
				ENABLE_STRICT_OBJC_MSGSEND = YES;
				ENABLE_TESTABILITY = YES;
				GCC_C_LANGUAGE_STANDARD = gnu11;
				GCC_DYNAMIC_NO_PIC = NO;
				GCC_NO_COMMON_BLOCKS = YES;
				GCC_OPTIMIZATION_LEVEL = 0;
				GCC_PREPROCESSOR_DEFINITIONS = (
					"DEBUG=1",
					"$(inherited)",
				);
				GCC_WARN_64_TO_32_BIT_CONVERSION = YES;
				GCC_WARN_ABOUT_RETURN_TYPE = YES_ERROR;
				GCC_WARN_UNDECLARED_SELECTOR = YES;
				GCC_WARN_UNINITIALIZED_AUTOS = YES_AGGRESSIVE;
				GCC_WARN_UNUSED_FUNCTION = YES;
				GCC_WARN_UNUSED_VARIABLE = YES;
				IPHONEOS_DEPLOYMENT_TARGET = 11.2;
				MTL_ENABLE_DEBUG_INFO = YES;
				ONLY_ACTIVE_ARCH = YES;
				SDKROOT = iphoneos;
				SWIFT_ACTIVE_COMPILATION_CONDITIONS = DEBUG;
				SWIFT_OPTIMIZATION_LEVEL = "-Onone";
			};
			name = Debug;
		};
		52FE95F020137573007FF87F /* Release */ = {
			isa = XCBuildConfiguration;
			buildSettings = {
				ALWAYS_SEARCH_USER_PATHS = NO;
				CLANG_ANALYZER_NONNULL = YES;
				CLANG_ANALYZER_NUMBER_OBJECT_CONVERSION = YES_AGGRESSIVE;
				CLANG_CXX_LANGUAGE_STANDARD = "gnu++14";
				CLANG_CXX_LIBRARY = "libc++";
				CLANG_ENABLE_MODULES = YES;
				CLANG_ENABLE_OBJC_ARC = YES;
				CLANG_WARN_BLOCK_CAPTURE_AUTORELEASING = YES;
				CLANG_WARN_BOOL_CONVERSION = YES;
				CLANG_WARN_COMMA = YES;
				CLANG_WARN_CONSTANT_CONVERSION = YES;
				CLANG_WARN_DIRECT_OBJC_ISA_USAGE = YES_ERROR;
				CLANG_WARN_DOCUMENTATION_COMMENTS = YES;
				CLANG_WARN_EMPTY_BODY = YES;
				CLANG_WARN_ENUM_CONVERSION = YES;
				CLANG_WARN_INFINITE_RECURSION = YES;
				CLANG_WARN_INT_CONVERSION = YES;
				CLANG_WARN_NON_LITERAL_NULL_CONVERSION = YES;
				CLANG_WARN_OBJC_LITERAL_CONVERSION = YES;
				CLANG_WARN_OBJC_ROOT_CLASS = YES_ERROR;
				CLANG_WARN_RANGE_LOOP_ANALYSIS = YES;
				CLANG_WARN_STRICT_PROTOTYPES = YES;
				CLANG_WARN_SUSPICIOUS_MOVE = YES;
				CLANG_WARN_UNGUARDED_AVAILABILITY = YES_AGGRESSIVE;
				CLANG_WARN_UNREACHABLE_CODE = YES;
				CLANG_WARN__DUPLICATE_METHOD_MATCH = YES;
				CODE_SIGN_IDENTITY = "iPhone Developer";
				COPY_PHASE_STRIP = NO;
				DEBUG_INFORMATION_FORMAT = "dwarf-with-dsym";
				ENABLE_NS_ASSERTIONS = NO;
				ENABLE_STRICT_OBJC_MSGSEND = YES;
				GCC_C_LANGUAGE_STANDARD = gnu11;
				GCC_NO_COMMON_BLOCKS = YES;
				GCC_WARN_64_TO_32_BIT_CONVERSION = YES;
				GCC_WARN_ABOUT_RETURN_TYPE = YES_ERROR;
				GCC_WARN_UNDECLARED_SELECTOR = YES;
				GCC_WARN_UNINITIALIZED_AUTOS = YES_AGGRESSIVE;
				GCC_WARN_UNUSED_FUNCTION = YES;
				GCC_WARN_UNUSED_VARIABLE = YES;
				IPHONEOS_DEPLOYMENT_TARGET = 11.2;
				MTL_ENABLE_DEBUG_INFO = NO;
				SDKROOT = iphoneos;
				SWIFT_OPTIMIZATION_LEVEL = "-Owholemodule";
				VALIDATE_PRODUCT = YES;
			};
			name = Release;
		};
		52FE95F220137573007FF87F /* Debug */ = {
			isa = XCBuildConfiguration;
			buildSettings = {
				ASSETCATALOG_COMPILER_APPICON_NAME = AppIcon;
				CODE_SIGN_STYLE = Automatic;
				INFOPLIST_FILE = Todoey/Info.plist;
				LD_RUNPATH_SEARCH_PATHS = "$(inherited) @executable_path/Frameworks";
				PRODUCT_BUNDLE_IDENTIFIER = com.wearableio.Todoey;
				PRODUCT_NAME = "$(TARGET_NAME)";
				SWIFT_VERSION = 4.0;
				TARGETED_DEVICE_FAMILY = 1;
			};
			name = Debug;
		};
		52FE95F320137573007FF87F /* Release */ = {
			isa = XCBuildConfiguration;
			buildSettings = {
				ASSETCATALOG_COMPILER_APPICON_NAME = AppIcon;
				CODE_SIGN_STYLE = Automatic;
				INFOPLIST_FILE = Todoey/Info.plist;
				LD_RUNPATH_SEARCH_PATHS = "$(inherited) @executable_path/Frameworks";
				PRODUCT_BUNDLE_IDENTIFIER = com.wearableio.Todoey;
				PRODUCT_NAME = "$(TARGET_NAME)";
				SWIFT_VERSION = 4.0;
				TARGETED_DEVICE_FAMILY = 1;
			};
			name = Release;
		};
/* End XCBuildConfiguration section */

/* Begin XCConfigurationList section */
		52FE95DA20137573007FF87F /* Build configuration list for PBXProject "Todoey" */ = {
			isa = XCConfigurationList;
			buildConfigurations = (
				52FE95EF20137573007FF87F /* Debug */,
				52FE95F020137573007FF87F /* Release */,
			);
			defaultConfigurationIsVisible = 0;
			defaultConfigurationName = Release;
		};
		52FE95F120137573007FF87F /* Build configuration list for PBXNativeTarget "Todoey" */ = {
			isa = XCConfigurationList;
			buildConfigurations = (
				52FE95F220137573007FF87F /* Debug */,
				52FE95F320137573007FF87F /* Release */,
			);
			defaultConfigurationIsVisible = 0;
			defaultConfigurationName = Release;
		};
/* End XCConfigurationList section */

/* Begin XCVersionGroup section */
		52FE95FA2013BFF3007FF87F /* DataModel.xcdatamodeld */ = {
			isa = XCVersionGroup;
			children = (
				52FE95FB2013BFF3007FF87F /* DataModel.xcdatamodel */,
			);
			currentVersion = 52FE95FB2013BFF3007FF87F /* DataModel.xcdatamodel */;
			path = DataModel.xcdatamodeld;
			sourceTree = "<group>";
			versionGroupType = wrapper.xcdatamodel;
		};
/* End XCVersionGroup section */
	};
	rootObject = 52FE95D720137573007FF87F /* Project object */;
}
